
Microsoft Visual Studio Solution File, Format Version 12.00
# Visual Studio Version 16
VisualStudioVersion = 16.0.29418.71
MinimumVisualStudioVersion = 10.0.40219.1
Project("{9A19103F-16F7-4668-BE54-9A1E7A4F7556}") = "SlvTeam.WebUI", "WebApplication1\SlvTeam.WebUI.csproj", "{5423C137-61C3-4D27-B055-59ADE3C680AA}"
EndProject
Project("{9A19103F-16F7-4668-BE54-9A1E7A4F7556}") = "SlvTeam.Application", "SlvTeam.Application\SlvTeam.Application.csproj", "{89E796A2-15E1-4033-A32F-8B5B2F30B229}"
EndProject
Project("{9A19103F-16F7-4668-BE54-9A1E7A4F7556}") = "SlvTeam.DataAccess", "SlvTeam.DataAccess\SlvTeam.DataAccess.csproj", "{1194777A-8753-490C-89E5-9469990FCA50}"
EndProject
Project("{9A19103F-16F7-4668-BE54-9A1E7A4F7556}") = "SlvTeam.Domain", "SlvTeam.Domain\SlvTeam.Domain.csproj", "{2A3ADABC-1BB7-4461-A763-74DF6665B81A}"
EndProject
Global
	GlobalSection(SolutionConfigurationPlatforms) = preSolution
		Debug|Any CPU = Debug|Any CPU
		Release|Any CPU = Release|Any CPU
	EndGlobalSection
	GlobalSection(ProjectConfigurationPlatforms) = postSolution
		{5423C137-61C3-4D27-B055-59ADE3C680AA}.Debug|Any CPU.ActiveCfg = Debug|Any CPU
		{5423C137-61C3-4D27-B055-59ADE3C680AA}.Debug|Any CPU.Build.0 = Debug|Any CPU
		{5423C137-61C3-4D27-B055-59ADE3C680AA}.Release|Any CPU.ActiveCfg = Release|Any CPU
		{5423C137-61C3-4D27-B055-59ADE3C680AA}.Release|Any CPU.Build.0 = Release|Any CPU
		{89E796A2-15E1-4033-A32F-8B5B2F30B229}.Debug|Any CPU.ActiveCfg = Debug|Any CPU
		{89E796A2-15E1-4033-A32F-8B5B2F30B229}.Debug|Any CPU.Build.0 = Debug|Any CPU
		{89E796A2-15E1-4033-A32F-8B5B2F30B229}.Release|Any CPU.ActiveCfg = Release|Any CPU
		{89E796A2-15E1-4033-A32F-8B5B2F30B229}.Release|Any CPU.Build.0 = Release|Any CPU
		{1194777A-8753-490C-89E5-9469990FCA50}.Debug|Any CPU.ActiveCfg = Debug|Any CPU
		{1194777A-8753-490C-89E5-9469990FCA50}.Debug|Any CPU.Build.0 = Debug|Any CPU
		{1194777A-8753-490C-89E5-9469990FCA50}.Release|Any CPU.ActiveCfg = Release|Any CPU
		{1194777A-8753-490C-89E5-9469990FCA50}.Release|Any CPU.Build.0 = Release|Any CPU
		{2A3ADABC-1BB7-4461-A763-74DF6665B81A}.Debug|Any CPU.ActiveCfg = Debug|Any CPU
		{2A3ADABC-1BB7-4461-A763-74DF6665B81A}.Debug|Any CPU.Build.0 = Debug|Any CPU
		{2A3ADABC-1BB7-4461-A763-74DF6665B81A}.Release|Any CPU.ActiveCfg = Release|Any CPU
		{2A3ADABC-1BB7-4461-A763-74DF6665B81A}.Release|Any CPU.Build.0 = Release|Any CPU
	EndGlobalSection
	GlobalSection(SolutionProperties) = preSolution
		HideSolutionNode = FALSE
	EndGlobalSection
	GlobalSection(ExtensibilityGlobals) = postSolution
		SolutionGuid = {BA0BDC57-6BD6-4BAC-922F-D89D2CFF607B}
	EndGlobalSection
EndGlobal
